
Microsoft Visual Studio Solution File, Format Version 12.00
# Visual Studio 14
VisualStudioVersion = 14.0.24720.0
MinimumVisualStudioVersion = 10.0.40219.1
Project("{FAE04EC0-301F-11D3-BF4B-00C04F79EFBC}") = "MVC5_Full_template", "MVC5_Full_template\MVC5_Full_template.csproj", "{FC93DC0E-F1A4-4179-9DBE-F5AABF37C011}"
EndProject
Global
	GlobalSection(SolutionConfigurationPlatforms) = preSolution
		Debug|Any CPU = Debug|Any CPU
		Release|Any CPU = Release|Any CPU
	EndGlobalSection
	GlobalSection(ProjectConfigurationPlatforms) = postSolution
		{FC93DC0E-F1A4-4179-9DBE-F5AABF37C011}.Debug|Any CPU.ActiveCfg = Debug|Any CPU
		{FC93DC0E-F1A4-4179-9DBE-F5AABF37C011}.Debug|Any CPU.Build.0 = Debug|Any CPU
		{FC93DC0E-F1A4-4179-9DBE-F5AABF37C011}.Release|Any CPU.ActiveCfg = Release|Any CPU
		{FC93DC0E-F1A4-4179-9DBE-F5AABF37C011}.Release|Any CPU.Build.0 = Release|Any CPU
	EndGlobalSection
	GlobalSection(SolutionProperties) = preSolution
		HideSolutionNode = FALSE
	EndGlobalSection
	GlobalSection(TeamFoundationVersionControl) = preSolution
		SccNumberOfProjects = 2
		SccEnterpriseProvider = {4CA58AB2-18FA-4F8D-95D4-32DDF27D184C}
		SccTeamFoundationServer = http://cm2012sp1pri:8080/tfs/defaultprojectcollections
		SccLocalPath0 = .
		SccProjectUniqueName1 = MVC5_Full_template\\MVC5_Full_template.csproj
		SccProjectName1 = MVC5_Full_template
		SccLocalPath1 = MVC5_Full_template
	EndGlobalSection
EndGlobal
